
Microsoft Visual Studio Solution File, Format Version 12.00
# Visual Studio 15
VisualStudioVersion = 15.0.28307.168
MinimumVisualStudioVersion = 10.0.40219.1
Project("{8BC9CEB8-8B4A-11D0-8D11-00A0C91BC942}") = "MazeEscapeSim", "MazeEscapeSim.vcxproj", "{CED2C336-4391-40E4-A1A2-634CABCC6755}"
EndProject
Project("{8BC9CEB8-8B4A-11D0-8D11-00A0C91BC942}") = "Util", "..\Util\Util.vcxproj", "{33FAAC0A-7CAD-47F2-A98A-3F0B48A363C7}"
EndProject
Project("{8BC9CEB8-8B4A-11D0-8D11-00A0C91BC942}") = "ConsoleLogger", "..\Logger\ConsoleLogger\ConsoleLogger.vcxproj", "{677FFF08-9840-4A9D-BF3A-2ED122402ED4}"
EndProject
Global
	GlobalSection(SolutionConfigurationPlatforms) = preSolution
		Debug|x64 = Debug|x64
		Debug|x86 = Debug|x86
		Release|x64 = Release|x64
		Release|x86 = Release|x86
	EndGlobalSection
	GlobalSection(ProjectConfigurationPlatforms) = postSolution
		{CED2C336-4391-40E4-A1A2-634CABCC6755}.Debug|x64.ActiveCfg = Debug|x64
		{CED2C336-4391-40E4-A1A2-634CABCC6755}.Debug|x64.Build.0 = Debug|x64
		{CED2C336-4391-40E4-A1A2-634CABCC6755}.Debug|x86.ActiveCfg = Debug|Win32
		{CED2C336-4391-40E4-A1A2-634CABCC6755}.Debug|x86.Build.0 = Debug|Win32
		{CED2C336-4391-40E4-A1A2-634CABCC6755}.Release|x64.ActiveCfg = Release|x64
		{CED2C336-4391-40E4-A1A2-634CABCC6755}.Release|x64.Build.0 = Release|x64
		{CED2C336-4391-40E4-A1A2-634CABCC6755}.Release|x86.ActiveCfg = Release|Win32
		{CED2C336-4391-40E4-A1A2-634CABCC6755}.Release|x86.Build.0 = Release|Win32
		{33FAAC0A-7CAD-47F2-A98A-3F0B48A363C7}.Debug|x64.ActiveCfg = Debug|x64
		{33FAAC0A-7CAD-47F2-A98A-3F0B48A363C7}.Debug|x64.Build.0 = Debug|x64
		{33FAAC0A-7CAD-47F2-A98A-3F0B48A363C7}.Debug|x86.ActiveCfg = Debug|Win32
		{33FAAC0A-7CAD-47F2-A98A-3F0B48A363C7}.Debug|x86.Build.0 = Debug|Win32
		{33FAAC0A-7CAD-47F2-A98A-3F0B48A363C7}.Release|x64.ActiveCfg = Release|x64
		{33FAAC0A-7CAD-47F2-A98A-3F0B48A363C7}.Release|x64.Build.0 = Release|x64
		{33FAAC0A-7CAD-47F2-A98A-3F0B48A363C7}.Release|x86.ActiveCfg = Release|Win32
		{33FAAC0A-7CAD-47F2-A98A-3F0B48A363C7}.Release|x86.Build.0 = Release|Win32
		{677FFF08-9840-4A9D-BF3A-2ED122402ED4}.Debug|x64.ActiveCfg = Debug|x64
		{677FFF08-9840-4A9D-BF3A-2ED122402ED4}.Debug|x64.Build.0 = Debug|x64
		{677FFF08-9840-4A9D-BF3A-2ED122402ED4}.Debug|x86.ActiveCfg = Debug|Win32
		{677FFF08-9840-4A9D-BF3A-2ED122402ED4}.Debug|x86.Build.0 = Debug|Win32
		{677FFF08-9840-4A9D-BF3A-2ED122402ED4}.Release|x64.ActiveCfg = Release|x64
		{677FFF08-9840-4A9D-BF3A-2ED122402ED4}.Release|x64.Build.0 = Release|x64
		{677FFF08-9840-4A9D-BF3A-2ED122402ED4}.Release|x86.ActiveCfg = Release|Win32
		{677FFF08-9840-4A9D-BF3A-2ED122402ED4}.Release|x86.Build.0 = Release|Win32
	EndGlobalSection
	GlobalSection(SolutionProperties) = preSolution
		HideSolutionNode = FALSE
	EndGlobalSection
	GlobalSection(ExtensibilityGlobals) = postSolution
		SolutionGuid = {7E72AE37-B6DD-4C24-8AE2-C2A663E6083B}
	EndGlobalSection
EndGlobal
